{
    "_readme": [
        "This file locks the dependencies of your project to a known state",
        "Read more about it at https://getcomposer.org/doc/01-basic-usage.md#installing-dependencies",
        "This file is @generated automatically"
    ],
    "content-hash": "b25ea06e8846f6e9c29fd7928333bd68",
    "packages": [
        {
            "name": "ifcastle/di",
            "version": "v0.5.1",
            "source": {
                "type": "git",
                "url": "https://github.com/EdmondDantes/di.git",
                "reference": "5f2831af39b140c0c352d42ceab66683c405f910"
            },
            "dist": {
                "type": "zip",
                "url": "https://api.github.com/repos/EdmondDantes/di/zipball/5f2831af39b140c0c352d42ceab66683c405f910",
                "reference": "5f2831af39b140c0c352d42ceab66683c405f910",
                "shasum": ""
            },
            "require": {
                "php": ">=8.3"
            },
            "require-dev": {
                "phpunit/phpunit": "^11.2",
                "rector/rector": "^1.2"
            },
            "type": "library",
            "autoload": {
                "psr-4": {
                    "IfCastle\\DI\\": [
                        "src/"
                    ]
                }
            },
            "notification-url": "https://packagist.org/downloads/",
            "license": [
                "MIT"
            ],
            "authors": [
                {
                    "name": "Edmond Dantes",
                    "email": "edmondifthen@proton.me"
                }
            ],
            "description": "The dependency injection container",
            "keywords": [
                "container",
                "dependency injection",
                "di",
                "ioc"
            ],
            "support": {
                "issues": "https://github.com/EdmondDantes/di/issues",
                "source": "https://github.com/EdmondDantes/di/tree/v0.5.1"
            },
            "time": "2024-07-24T05:13:46+00:00"
        },
        {
            "name": "ifcastle/exceptions",
            "version": "v5.0.0",
            "source": {
                "type": "git",
                "url": "https://github.com/EdmondDantes/BaseException.git",
                "reference": "1d2a7c6db219c3d9d2e6cf5aa437f4691f711857"
            },
            "dist": {
                "type": "zip",
                "url": "https://api.github.com/repos/EdmondDantes/BaseException/zipball/1d2a7c6db219c3d9d2e6cf5aa437f4691f711857",
                "reference": "1d2a7c6db219c3d9d2e6cf5aa437f4691f711857",
                "shasum": ""
            },
            "require": {
                "php": ">=8.3"
            },
            "require-dev": {
                "phpunit/phpunit": "^11.2",
                "rector/rector": "^1.2"
            },
            "type": "library",
            "autoload": {
                "psr-4": {
                    "IfCastle\\Exceptions\\": [
                        "src/",
                        "tests/"
                    ]
                }
            },
            "notification-url": "https://packagist.org/downloads/",
            "license": [
                "MIT"
            ],
            "authors": [
                {
                    "name": "Edmond Dantes",
                    "email": "edmondifthen@proton.me"
                }
            ],
            "description": "A basic library for exceptions with templates, oriented towards usage in web services",
            "support": {
                "issues": "https://github.com/EdmondDantes/BaseException/issues",
                "source": "https://github.com/EdmondDantes/BaseException/tree/v5.0.0"
            },
            "time": "2024-07-16T10:09:25+00:00"
        },
        {
            "name": "ifcastle/type-definitions",
            "version": "v0.5.3",
            "source": {
                "type": "git",
                "url": "https://github.com/EdmondDantes/type-definitions.git",
                "reference": "cd630f1da8f6f115a06605f8c6c06cff1f33f335"
            },
            "dist": {
                "type": "zip",
                "url": "https://api.github.com/repos/EdmondDantes/type-definitions/zipball/cd630f1da8f6f115a06605f8c6c06cff1f33f335",
                "reference": "cd630f1da8f6f115a06605f8c6c06cff1f33f335",
                "shasum": ""
            },
            "require": {
                "ifcastle/exceptions": "^5.0"
            },
            "type": "library",
            "autoload": {
                "psr-4": {
                    "IfCastle\\TypeDefinitions\\": "src/"
                }
            },
            "notification-url": "https://packagist.org/downloads/",
            "license": [
                "MIT"
            ],
            "description": "Library for defining data types at the business logic layer. Data hydration and serialization based on type definitions.",
            "keywords": [
                "compilation",
                "data",
                "definitions",
                "hydration",
                "serialization",
                "types",
                "validation"
            ],
            "support": {
                "issues": "https://github.com/EdmondDantes/type-definitions/issues",
                "source": "https://github.com/EdmondDantes/type-definitions/tree/v0.5.3"
            },
            "time": "2024-07-26T12:56:10+00:00"
        }
    ],
    "packages-dev": [],
    "aliases": [],
    "minimum-stability": "stable",
    "stability-flags": [],
    "prefer-stable": false,
    "prefer-lowest": false,
    "platform": [],
    "platform-dev": [],
    "plugin-api-version": "2.3.0"
}
